// !$*UTF8*$!
{
	archiveVersion = 1;
	classes = {
	};
	objectVersion = 46;
	objects = {

/* Begin PBXBuildFile section */
		1BE539511EDA94D7002C08B4 /* main.m in Sources */ = {isa = PBXBuildFile; fileRef = 1BE539501EDA94D7002C08B4 /* main.m */; };
		1BE539541EDA94D7002C08B4 /* AppDelegate.m in Sources */ = {isa = PBXBuildFile; fileRef = 1BE539531EDA94D7002C08B4 /* AppDelegate.m */; };
		1BE5395A1EDA94D7002C08B4 /* Main.storyboard in Resources */ = {isa = PBXBuildFile; fileRef = 1BE539581EDA94D7002C08B4 /* Main.storyboard */; };
		1BE5395C1EDA94D7002C08B4 /* Assets.xcassets in Resources */ = {isa = PBXBuildFile; fileRef = 1BE5395B1EDA94D7002C08B4 /* Assets.xcassets */; };
		1BE5395F1EDA94D7002C08B4 /* LaunchScreen.storyboard in Resources */ = {isa = PBXBuildFile; fileRef = 1BE5395D1EDA94D7002C08B4 /* LaunchScreen.storyboard */; };
		9FAD944BDAE9A2228CD28F0E /* libPods-BrokenImage.a in Frameworks */ = {isa = PBXBuildFile; fileRef = 40FA437D48069B54E1FCD59A /* libPods-BrokenImage.a */; };
		D94657161EDE78170051138C /* Commenter.m in Sources */ = {isa = PBXBuildFile; fileRef = D94657151EDE78170051138C /* Commenter.m */; };
		D94657191EDE78770051138C /* Course.m in Sources */ = {isa = PBXBuildFile; fileRef = D94657181EDE78770051138C /* Course.m */; };
		D94657201EDE79880051138C /* data.json in Resources */ = {isa = PBXBuildFile; fileRef = D946571F1EDE79880051138C /* data.json */; };
		D94657231EDE7AEE0051138C /* CommenterCell.m in Sources */ = {isa = PBXBuildFile; fileRef = D94657221EDE7AEE0051138C /* CommenterCell.m */; };
		D94657261EDE7DA00051138C /* UIImage+Ext.m in Sources */ = {isa = PBXBuildFile; fileRef = D94657251EDE7DA00051138C /* UIImage+Ext.m */; };
		D946572A1EDEBC470051138C /* QTouchposeApplication.m in Sources */ = {isa = PBXBuildFile; fileRef = D94657291EDEBC470051138C /* QTouchposeApplication.m */; };
		D960A53A1EDD85D7004B57D9 /* MyTableViewController.m in Sources */ = {isa = PBXBuildFile; fileRef = D960A5391EDD85D7004B57D9 /* MyTableViewController.m */; };
/* End PBXBuildFile section */

/* Begin PBXFileReference section */
		1BE5394C1EDA94D7002C08B4 /* BrokenImage.app */ = {isa = PBXFileReference; explicitFileType = wrapper.application; includeInIndex = 0; path = BrokenImage.app; sourceTree = BUILT_PRODUCTS_DIR; };
		1BE539501EDA94D7002C08B4 /* main.m */ = {isa = PBXFileReference; lastKnownFileType = sourcecode.c.objc; path = main.m; sourceTree = "<group>"; };
		1BE539521EDA94D7002C08B4 /* AppDelegate.h */ = {isa = PBXFileReference; lastKnownFileType = sourcecode.c.h; path = AppDelegate.h; sourceTree = "<group>"; };
		1BE539531EDA94D7002C08B4 /* AppDelegate.m */ = {isa = PBXFileReference; lastKnownFileType = sourcecode.c.objc; path = AppDelegate.m; sourceTree = "<group>"; };
		1BE539591EDA94D7002C08B4 /* Base */ = {isa = PBXFileReference; lastKnownFileType = file.storyboard; name = Base; path = Base.lproj/Main.storyboard; sourceTree = "<group>"; };
		1BE5395B1EDA94D7002C08B4 /* Assets.xcassets */ = {isa = PBXFileReference; lastKnownFileType = folder.assetcatalog; path = Assets.xcassets; sourceTree = "<group>"; };
		1BE5395E1EDA94D7002C08B4 /* Base */ = {isa = PBXFileReference; lastKnownFileType = file.storyboard; name = Base; path = Base.lproj/LaunchScreen.storyboard; sourceTree = "<group>"; };
		1BE539601EDA94D7002C08B4 /* Info.plist */ = {isa = PBXFileReference; lastKnownFileType = text.plist.xml; path = Info.plist; sourceTree = "<group>"; };
		40FA437D48069B54E1FCD59A /* libPods-BrokenImage.a */ = {isa = PBXFileReference; explicitFileType = archive.ar; includeInIndex = 0; path = "libPods-BrokenImage.a"; sourceTree = BUILT_PRODUCTS_DIR; };
		A307142E302C8F6CF4A7EDED /* Pods-BrokenImage.release.xcconfig */ = {isa = PBXFileReference; includeInIndex = 1; lastKnownFileType = text.xcconfig; name = "Pods-BrokenImage.release.xcconfig"; path = "Pods/Target Support Files/Pods-BrokenImage/Pods-BrokenImage.release.xcconfig"; sourceTree = "<group>"; };
		D94657141EDE78170051138C /* Commenter.h */ = {isa = PBXFileReference; fileEncoding = 4; lastKnownFileType = sourcecode.c.h; path = Commenter.h; sourceTree = "<group>"; };
		D94657151EDE78170051138C /* Commenter.m */ = {isa = PBXFileReference; fileEncoding = 4; lastKnownFileType = sourcecode.c.objc; path = Commenter.m; sourceTree = "<group>"; };
		D94657171EDE78770051138C /* Course.h */ = {isa = PBXFileReference; fileEncoding = 4; lastKnownFileType = sourcecode.c.h; path = Course.h; sourceTree = "<group>"; };
		D94657181EDE78770051138C /* Course.m */ = {isa = PBXFileReference; fileEncoding = 4; lastKnownFileType = sourcecode.c.objc; path = Course.m; sourceTree = "<group>"; };
		D946571F1EDE79880051138C /* data.json */ = {isa = PBXFileReference; fileEncoding = 4; lastKnownFileType = text.json; path = data.json; sourceTree = "<group>"; };
		D94657211EDE7AEE0051138C /* CommenterCell.h */ = {isa = PBXFileReference; fileEncoding = 4; lastKnownFileType = sourcecode.c.h; path = CommenterCell.h; sourceTree = "<group>"; };
		D94657221EDE7AEE0051138C /* CommenterCell.m */ = {isa = PBXFileReference; fileEncoding = 4; lastKnownFileType = sourcecode.c.objc; path = CommenterCell.m; sourceTree = "<group>"; };
		D94657241EDE7DA00051138C /* UIImage+Ext.h */ = {isa = PBXFileReference; fileEncoding = 4; lastKnownFileType = sourcecode.c.h; path = "UIImage+Ext.h"; sourceTree = "<group>"; };
		D94657251EDE7DA00051138C /* UIImage+Ext.m */ = {isa = PBXFileReference; fileEncoding = 4; lastKnownFileType = sourcecode.c.objc; path = "UIImage+Ext.m"; sourceTree = "<group>"; };
		D94657281EDEBC470051138C /* QTouchposeApplication.h */ = {isa = PBXFileReference; fileEncoding = 4; lastKnownFileType = sourcecode.c.h; path = QTouchposeApplication.h; sourceTree = "<group>"; };
		D94657291EDEBC470051138C /* QTouchposeApplication.m */ = {isa = PBXFileReference; fileEncoding = 4; lastKnownFileType = sourcecode.c.objc; path = QTouchposeApplication.m; sourceTree = "<group>"; };
		D960A5381EDD85D7004B57D9 /* MyTableViewController.h */ = {isa = PBXFileReference; fileEncoding = 4; lastKnownFileType = sourcecode.c.h; path = MyTableViewController.h; sourceTree = "<group>"; };
		D960A5391EDD85D7004B57D9 /* MyTableViewController.m */ = {isa = PBXFileReference; fileEncoding = 4; lastKnownFileType = sourcecode.c.objc; path = MyTableViewController.m; sourceTree = "<group>"; };
		E7A64BEB5AE06E34EBB0FF9E /* Pods-BrokenImage.debug.xcconfig */ = {isa = PBXFileReference; includeInIndex = 1; lastKnownFileType = text.xcconfig; name = "Pods-BrokenImage.debug.xcconfig"; path = "Pods/Target Support Files/Pods-BrokenImage/Pods-BrokenImage.debug.xcconfig"; sourceTree = "<group>"; };
/* End PBXFileReference section */

/* Begin PBXFrameworksBuildPhase section */
		1BE539491EDA94D7002C08B4 /* Frameworks */ = {
			isa = PBXFrameworksBuildPhase;
			buildActionMask = 2147483647;
			files = (
				9FAD944BDAE9A2228CD28F0E /* libPods-BrokenImage.a in Frameworks */,
			);
			runOnlyForDeploymentPostprocessing = 0;
		};
/* End PBXFrameworksBuildPhase section */

/* Begin PBXGroup section */
		1BE539431EDA94D7002C08B4 = {
			isa = PBXGroup;
			children = (
				1BE5394E1EDA94D7002C08B4 /* BrokenImage */,
				1BE5394D1EDA94D7002C08B4 /* Products */,
				5DAC3DA852A70917F6E34315 /* Pods */,
				D3286FD97B7FD0E25F977464 /* Frameworks */,
			);
			sourceTree = "<group>";
		};
		1BE5394D1EDA94D7002C08B4 /* Products */ = {
			isa = PBXGroup;
			children = (
				1BE5394C1EDA94D7002C08B4 /* BrokenImage.app */,
			);
			name = Products;
			sourceTree = "<group>";
		};
		1BE5394E1EDA94D7002C08B4 /* BrokenImage */ = {
			isa = PBXGroup;
			children = (
				1BE539521EDA94D7002C08B4 /* AppDelegate.h */,
				1BE539531EDA94D7002C08B4 /* AppDelegate.m */,
				D946571C1EDE79520051138C /* View Controllers */,
				D946571B1EDE79460051138C /* Cells */,
				D946571A1EDE793C0051138C /* Models */,
				D94657271EDE7DA60051138C /* Utils */,
				D946571D1EDE79660051138C /* UI */,
				D946571E1EDE79760051138C /* Others */,
				1BE5394F1EDA94D7002C08B4 /* Supporting Files */,
			);
			path = BrokenImage;
			sourceTree = "<group>";
		};
		1BE5394F1EDA94D7002C08B4 /* Supporting Files */ = {
			isa = PBXGroup;
			children = (
				1BE539501EDA94D7002C08B4 /* main.m */,
				D94657281EDEBC470051138C /* QTouchposeApplication.h */,
				D94657291EDEBC470051138C /* QTouchposeApplication.m */,
			);
			name = "Supporting Files";
			sourceTree = "<group>";
		};
		5DAC3DA852A70917F6E34315 /* Pods */ = {
			isa = PBXGroup;
			children = (
				E7A64BEB5AE06E34EBB0FF9E /* Pods-BrokenImage.debug.xcconfig */,
				A307142E302C8F6CF4A7EDED /* Pods-BrokenImage.release.xcconfig */,
			);
			name = Pods;
			sourceTree = "<group>";
		};
		D3286FD97B7FD0E25F977464 /* Frameworks */ = {
			isa = PBXGroup;
			children = (
				40FA437D48069B54E1FCD59A /* libPods-BrokenImage.a */,
			);
			name = Frameworks;
			sourceTree = "<group>";
		};
		D946571A1EDE793C0051138C /* Models */ = {
			isa = PBXGroup;
			children = (
				D94657171EDE78770051138C /* Course.h */,
				D94657181EDE78770051138C /* Course.m */,
				D94657141EDE78170051138C /* Commenter.h */,
				D94657151EDE78170051138C /* Commenter.m */,
			);
			name = Models;
			sourceTree = "<group>";
		};
		D946571B1EDE79460051138C /* Cells */ = {
			isa = PBXGroup;
			children = (
				D94657211EDE7AEE0051138C /* CommenterCell.h */,
				D94657221EDE7AEE0051138C /* CommenterCell.m */,
			);
			name = Cells;
			sourceTree = "<group>";
		};
		D946571C1EDE79520051138C /* View Controllers */ = {
			isa = PBXGroup;
			children = (
				D960A5381EDD85D7004B57D9 /* MyTableViewController.h */,
				D960A5391EDD85D7004B57D9 /* MyTableViewController.m */,
			);
			name = "View Controllers";
			sourceTree = "<group>";
		};
		D946571D1EDE79660051138C /* UI */ = {
			isa = PBXGroup;
			children = (
				1BE539581EDA94D7002C08B4 /* Main.storyboard */,
				1BE5395D1EDA94D7002C08B4 /* LaunchScreen.storyboard */,
			);
			name = UI;
			sourceTree = "<group>";
		};
		D946571E1EDE79760051138C /* Others */ = {
			isa = PBXGroup;
			children = (
				D946571F1EDE79880051138C /* data.json */,
				1BE5395B1EDA94D7002C08B4 /* Assets.xcassets */,
				1BE539601EDA94D7002C08B4 /* Info.plist */,
			);
			name = Others;
			sourceTree = "<group>";
		};
		D94657271EDE7DA60051138C /* Utils */ = {
			isa = PBXGroup;
			children = (
				D94657241EDE7DA00051138C /* UIImage+Ext.h */,
				D94657251EDE7DA00051138C /* UIImage+Ext.m */,
			);
			name = Utils;
			sourceTree = "<group>";
		};
/* End PBXGroup section */

/* Begin PBXNativeTarget section */
		1BE5394B1EDA94D7002C08B4 /* BrokenImage */ = {
			isa = PBXNativeTarget;
			buildConfigurationList = 1BE539631EDA94D7002C08B4 /* Build configuration list for PBXNativeTarget "BrokenImage" */;
			buildPhases = (
				04F50CA1E6F873E54C7141D6 /* [CP] Check Pods Manifest.lock */,
				1BE539481EDA94D7002C08B4 /* Sources */,
				1BE539491EDA94D7002C08B4 /* Frameworks */,
				1BE5394A1EDA94D7002C08B4 /* Resources */,
				261E32FAA4C3058EE18016A0 /* [CP] Embed Pods Frameworks */,
				BB3A346A2ED5E8ABF60162B6 /* [CP] Copy Pods Resources */,
			);
			buildRules = (
			);
			dependencies = (
			);
			name = BrokenImage;
			productName = BrokenImage;
			productReference = 1BE5394C1EDA94D7002C08B4 /* BrokenImage.app */;
			productType = "com.apple.product-type.application";
		};
/* End PBXNativeTarget section */

/* Begin PBXProject section */
		1BE539441EDA94D7002C08B4 /* Project object */ = {
			isa = PBXProject;
			attributes = {
				LastUpgradeCheck = 0830;
				ORGANIZATIONNAME = "Quang Tran";
				TargetAttributes = {
					1BE5394B1EDA94D7002C08B4 = {
						CreatedOnToolsVersion = 8.3;
						DevelopmentTeam = KWEZMLB8L2;
						ProvisioningStyle = Automatic;
					};
				};
			};
			buildConfigurationList = 1BE539471EDA94D7002C08B4 /* Build configuration list for PBXProject "BrokenImage" */;
			compatibilityVersion = "Xcode 3.2";
			developmentRegion = English;
			hasScannedForEncodings = 0;
			knownRegions = (
				en,
				Base,
			);
			mainGroup = 1BE539431EDA94D7002C08B4;
			productRefGroup = 1BE5394D1EDA94D7002C08B4 /* Products */;
			projectDirPath = "";
			projectRoot = "";
			targets = (
				1BE5394B1EDA94D7002C08B4 /* BrokenImage */,
			);
		};
/* End PBXProject section */

/* Begin PBXResourcesBuildPhase section */
		1BE5394A1EDA94D7002C08B4 /* Resources */ = {
			isa = PBXResourcesBuildPhase;
			buildActionMask = 2147483647;
			files = (
				1BE5395F1EDA94D7002C08B4 /* LaunchScreen.storyboard in Resources */,
				1BE5395C1EDA94D7002C08B4 /* Assets.xcassets in Resources */,
				1BE5395A1EDA94D7002C08B4 /* Main.storyboard in Resources */,
				D94657201EDE79880051138C /* data.json in Resources */,
			);
			runOnlyForDeploymentPostprocessing = 0;
		};
/* End PBXResourcesBuildPhase section */

/* Begin PBXShellScriptBuildPhase section */
		04F50CA1E6F873E54C7141D6 /* [CP] Check Pods Manifest.lock */ = {
			isa = PBXShellScriptBuildPhase;
			buildActionMask = 2147483647;
			files = (
			);
			inputPaths = (
			);
			name = "[CP] Check Pods Manifest.lock";
			outputPaths = (
			);
			runOnlyForDeploymentPostprocessing = 0;
			shellPath = /bin/sh;
			shellScript = "diff \"${PODS_ROOT}/../Podfile.lock\" \"${PODS_ROOT}/Manifest.lock\" > /dev/null\nif [ $? != 0 ] ; then\n    # print error to STDERR\n    echo \"error: The sandbox is not in sync with the Podfile.lock. Run 'pod install' or update your CocoaPods installation.\" >&2\n    exit 1\nfi\n";
			showEnvVarsInLog = 0;
		};
		261E32FAA4C3058EE18016A0 /* [CP] Embed Pods Frameworks */ = {
			isa = PBXShellScriptBuildPhase;
			buildActionMask = 2147483647;
			files = (
			);
			inputPaths = (
			);
			name = "[CP] Embed Pods Frameworks";
			outputPaths = (
			);
			runOnlyForDeploymentPostprocessing = 0;
			shellPath = /bin/sh;
			shellScript = "\"${SRCROOT}/Pods/Target Support Files/Pods-BrokenImage/Pods-BrokenImage-frameworks.sh\"\n";
			showEnvVarsInLog = 0;
		};
		BB3A346A2ED5E8ABF60162B6 /* [CP] Copy Pods Resources */ = {
			isa = PBXShellScriptBuildPhase;
			buildActionMask = 2147483647;
			files = (
			);
			inputPaths = (
			);
			name = "[CP] Copy Pods Resources";
			outputPaths = (
			);
			runOnlyForDeploymentPostprocessing = 0;
			shellPath = /bin/sh;
			shellScript = "\"${SRCROOT}/Pods/Target Support Files/Pods-BrokenImage/Pods-BrokenImage-resources.sh\"\n";
			showEnvVarsInLog = 0;
		};
/* End PBXShellScriptBuildPhase section */

/* Begin PBXSourcesBuildPhase section */
		1BE539481EDA94D7002C08B4 /* Sources */ = {
			isa = PBXSourcesBuildPhase;
			buildActionMask = 2147483647;
			files = (
				D94657191EDE78770051138C /* Course.m in Sources */,
				D94657161EDE78170051138C /* Commenter.m in Sources */,
				D946572A1EDEBC470051138C /* QTouchposeApplication.m in Sources */,
				1BE539541EDA94D7002C08B4 /* AppDelegate.m in Sources */,
				D94657231EDE7AEE0051138C /* CommenterCell.m in Sources */,
				D94657261EDE7DA00051138C /* UIImage+Ext.m in Sources */,
				1BE539511EDA94D7002C08B4 /* main.m in Sources */,
				D960A53A1EDD85D7004B57D9 /* MyTableViewController.m in Sources */,
			);
			runOnlyForDeploymentPostprocessing = 0;
		};
/* End PBXSourcesBuildPhase section */

/* Begin PBXVariantGroup section */
		1BE539581EDA94D7002C08B4 /* Main.storyboard */ = {
			isa = PBXVariantGroup;
			children = (
				1BE539591EDA94D7002C08B4 /* Base */,
			);
			name = Main.storyboard;
			sourceTree = "<group>";
		};
		1BE5395D1EDA94D7002C08B4 /* LaunchScreen.storyboard */ = {
			isa = PBXVariantGroup;
			children = (
				1BE5395E1EDA94D7002C08B4 /* Base */,
			);
			name = LaunchScreen.storyboard;
			sourceTree = "<group>";
		};
/* End PBXVariantGroup section */

/* Begin XCBuildConfiguration section */
		1BE539611EDA94D7002C08B4 /* Debug */ = {
			isa = XCBuildConfiguration;
			buildSettings = {
				ALWAYS_SEARCH_USER_PATHS = NO;
				CLANG_ANALYZER_NONNULL = YES;
				CLANG_ANALYZER_NUMBER_OBJECT_CONVERSION = YES_AGGRESSIVE;
				CLANG_CXX_LANGUAGE_STANDARD = "gnu++0x";
				CLANG_CXX_LIBRARY = "libc++";
				CLANG_ENABLE_MODULES = YES;
				CLANG_ENABLE_OBJC_ARC = YES;
				CLANG_WARN_BOOL_CONVERSION = YES;
				CLANG_WARN_CONSTANT_CONVERSION = YES;
				CLANG_WARN_DIRECT_OBJC_ISA_USAGE = YES_ERROR;
				CLANG_WARN_DOCUMENTATION_COMMENTS = YES;
				CLANG_WARN_EMPTY_BODY = YES;
				CLANG_WARN_ENUM_CONVERSION = YES;
				CLANG_WARN_INFINITE_RECURSION = YES;
				CLANG_WARN_INT_CONVERSION = YES;
				CLANG_WARN_OBJC_ROOT_CLASS = YES_ERROR;
				CLANG_WARN_SUSPICIOUS_MOVE = YES;
				CLANG_WARN_UNREACHABLE_CODE = YES;
				CLANG_WARN__DUPLICATE_METHOD_MATCH = YES;
				"CODE_SIGN_IDENTITY[sdk=iphoneos*]" = "iPhone Developer";
				COPY_PHASE_STRIP = NO;
				DEBUG_INFORMATION_FORMAT = dwarf;
				ENABLE_STRICT_OBJC_MSGSEND = YES;
				ENABLE_TESTABILITY = YES;
				GCC_C_LANGUAGE_STANDARD = gnu99;
				GCC_DYNAMIC_NO_PIC = NO;
				GCC_NO_COMMON_BLOCKS = YES;
				GCC_OPTIMIZATION_LEVEL = 0;
				GCC_PREPROCESSOR_DEFINITIONS = (
					"DEBUG=1",
					"$(inherited)",
				);
				GCC_WARN_64_TO_32_BIT_CONVERSION = YES;
				GCC_WARN_ABOUT_RETURN_TYPE = YES_ERROR;
				GCC_WARN_UNDECLARED_SELECTOR = YES;
				GCC_WARN_UNINITIALIZED_AUTOS = YES_AGGRESSIVE;
				GCC_WARN_UNUSED_FUNCTION = YES;
				GCC_WARN_UNUSED_VARIABLE = YES;
				IPHONEOS_DEPLOYMENT_TARGET = 10.3;
				MTL_ENABLE_DEBUG_INFO = YES;
				ONLY_ACTIVE_ARCH = YES;
				SDKROOT = iphoneos;
				TARGETED_DEVICE_FAMILY = "1,2";
			};
			name = Debug;
		};
		1BE539621EDA94D7002C08B4 /* Release */ = {
			isa = XCBuildConfiguration;
			buildSettings = {
				ALWAYS_SEARCH_USER_PATHS = NO;
				CLANG_ANALYZER_NONNULL = YES;
				CLANG_ANALYZER_NUMBER_OBJECT_CONVERSION = YES_AGGRESSIVE;
				CLANG_CXX_LANGUAGE_STANDARD = "gnu++0x";
				CLANG_CXX_LIBRARY = "libc++";
				CLANG_ENABLE_MODULES = YES;
				CLANG_ENABLE_OBJC_ARC = YES;
				CLANG_WARN_BOOL_CONVERSION = YES;
				CLANG_WARN_CONSTANT_CONVERSION = YES;
				CLANG_WARN_DIRECT_OBJC_ISA_USAGE = YES_ERROR;
				CLANG_WARN_DOCUMENTATION_COMMENTS = YES;
				CLANG_WARN_EMPTY_BODY = YES;
				CLANG_WARN_ENUM_CONVERSION = YES;
				CLANG_WARN_INFINITE_RECURSION = YES;
				CLANG_WARN_INT_CONVERSION = YES;
				CLANG_WARN_OBJC_ROOT_CLASS = YES_ERROR;
				CLANG_WARN_SUSPICIOUS_MOVE = YES;
				CLANG_WARN_UNREACHABLE_CODE = YES;
				CLANG_WARN__DUPLICATE_METHOD_MATCH = YES;
				"CODE_SIGN_IDENTITY[sdk=iphoneos*]" = "iPhone Developer";
				COPY_PHASE_STRIP = NO;
				DEBUG_INFORMATION_FORMAT = "dwarf-with-dsym";
				ENABLE_NS_ASSERTIONS = NO;
				ENABLE_STRICT_OBJC_MSGSEND = YES;
				GCC_C_LANGUAGE_STANDARD = gnu99;
				GCC_NO_COMMON_BLOCKS = YES;
				GCC_WARN_64_TO_32_BIT_CONVERSION = YES;
				GCC_WARN_ABOUT_RETURN_TYPE = YES_ERROR;
				GCC_WARN_UNDECLARED_SELECTOR = YES;
				GCC_WARN_UNINITIALIZED_AUTOS = YES_AGGRESSIVE;
				GCC_WARN_UNUSED_FUNCTION = YES;
				GCC_WARN_UNUSED_VARIABLE = YES;
				IPHONEOS_DEPLOYMENT_TARGET = 10.3;
				MTL_ENABLE_DEBUG_INFO = NO;
				SDKROOT = iphoneos;
				TARGETED_DEVICE_FAMILY = "1,2";
				VALIDATE_PRODUCT = YES;
			};
			name = Release;
		};
		1BE539641EDA94D7002C08B4 /* Debug */ = {
			isa = XCBuildConfiguration;
			baseConfigurationReference = E7A64BEB5AE06E34EBB0FF9E /* Pods-BrokenImage.debug.xcconfig */;
			buildSettings = {
				ASSETCATALOG_COMPILER_APPICON_NAME = AppIcon;
				DEVELOPMENT_TEAM = KWEZMLB8L2;
				INFOPLIST_FILE = BrokenImage/Info.plist;
				LD_RUNPATH_SEARCH_PATHS = "$(inherited) @executable_path/Frameworks";
				PRODUCT_BUNDLE_IDENTIFIER = com.quangtqag.BrokenImage;
				PRODUCT_NAME = "$(TARGET_NAME)";
			};
			name = Debug;
		};
		1BE539651EDA94D7002C08B4 /* Release */ = {
			isa = XCBuildConfiguration;
			baseConfigurationReference = A307142E302C8F6CF4A7EDED /* Pods-BrokenImage.release.xcconfig */;
			buildSettings = {
				ASSETCATALOG_COMPILER_APPICON_NAME = AppIcon;
				DEVELOPMENT_TEAM = KWEZMLB8L2;
				INFOPLIST_FILE = BrokenImage/Info.plist;
				LD_RUNPATH_SEARCH_PATHS = "$(inherited) @executable_path/Frameworks";
				PRODUCT_BUNDLE_IDENTIFIER = com.quangtqag.BrokenImage;
				PRODUCT_NAME = "$(TARGET_NAME)";
			};
			name = Release;
		};
/* End XCBuildConfiguration section */

/* Begin XCConfigurationList section */
		1BE539471EDA94D7002C08B4 /* Build configuration list for PBXProject "BrokenImage" */ = {
			isa = XCConfigurationList;
			buildConfigurations = (
				1BE539611EDA94D7002C08B4 /* Debug */,
				1BE539621EDA94D7002C08B4 /* Release */,
			);
			defaultConfigurationIsVisible = 0;
			defaultConfigurationName = Release;
		};
		1BE539631EDA94D7002C08B4 /* Build configuration list for PBXNativeTarget "BrokenImage" */ = {
			isa = XCConfigurationList;
			buildConfigurations = (
				1BE539641EDA94D7002C08B4 /* Debug */,
				1BE539651EDA94D7002C08B4 /* Release */,
			);
			defaultConfigurationIsVisible = 0;
			defaultConfigurationName = Release;
		};
/* End XCConfigurationList section */
	};
	rootObject = 1BE539441EDA94D7002C08B4 /* Project object */;
}
